
Microsoft Visual Studio Solution File, Format Version 12.00
# Visual Studio Version 16
VisualStudioVersion = 25.0.1706.5
MinimumVisualStudioVersion = 10.0.40219.1
Project("{FAE04EC0-301F-11D3-BF4B-00C04F79EFBC}") = "ShapeLib", "ShapeLib\ShapeLib.csproj", "{9AA0EC71-C34A-4575-A897-C4DABAB89728}"
EndProject
Project("{FAE04EC0-301F-11D3-BF4B-00C04F79EFBC}") = "ShapeLibTests", "ShapeLibTests\ShapeLibTests.csproj", "{BC815CAF-5F29-42B1-8EDA-0DB34C791EFB}"
EndProject
Project("{FAE04EC0-301F-11D3-BF4B-00C04F79EFBC}") = "ShapeCLI", "ShapeCLI\ShapeCLI.csproj", "{8B6709B5-8FD6-493A-A059-0E07C540C77F}"
EndProject
Global
	GlobalSection(SolutionConfigurationPlatforms) = preSolution
		Debug|Any CPU = Debug|Any CPU
		Release|Any CPU = Release|Any CPU
	EndGlobalSection
	GlobalSection(ProjectConfigurationPlatforms) = postSolution
		{9AA0EC71-C34A-4575-A897-C4DABAB89728}.Debug|Any CPU.ActiveCfg = Debug|Any CPU
		{9AA0EC71-C34A-4575-A897-C4DABAB89728}.Debug|Any CPU.Build.0 = Debug|Any CPU
		{9AA0EC71-C34A-4575-A897-C4DABAB89728}.Release|Any CPU.ActiveCfg = Release|Any CPU
		{9AA0EC71-C34A-4575-A897-C4DABAB89728}.Release|Any CPU.Build.0 = Release|Any CPU
		{BC815CAF-5F29-42B1-8EDA-0DB34C791EFB}.Debug|Any CPU.ActiveCfg = Debug|Any CPU
		{BC815CAF-5F29-42B1-8EDA-0DB34C791EFB}.Debug|Any CPU.Build.0 = Debug|Any CPU
		{BC815CAF-5F29-42B1-8EDA-0DB34C791EFB}.Release|Any CPU.ActiveCfg = Release|Any CPU
		{BC815CAF-5F29-42B1-8EDA-0DB34C791EFB}.Release|Any CPU.Build.0 = Release|Any CPU
		{8B6709B5-8FD6-493A-A059-0E07C540C77F}.Debug|Any CPU.ActiveCfg = Debug|Any CPU
		{8B6709B5-8FD6-493A-A059-0E07C540C77F}.Debug|Any CPU.Build.0 = Debug|Any CPU
		{8B6709B5-8FD6-493A-A059-0E07C540C77F}.Release|Any CPU.ActiveCfg = Release|Any CPU
		{8B6709B5-8FD6-493A-A059-0E07C540C77F}.Release|Any CPU.Build.0 = Release|Any CPU
	EndGlobalSection
	GlobalSection(SolutionProperties) = preSolution
		HideSolutionNode = FALSE
	EndGlobalSection
	GlobalSection(ExtensibilityGlobals) = postSolution
		SolutionGuid = {415CE9CF-426A-492A-B484-A4F7457CB49B}
	EndGlobalSection
EndGlobal
